
Microsoft Visual Studio Solution File, Format Version 12.00
# Visual Studio Version 17
VisualStudioVersion = 17.0.32014.148
MinimumVisualStudioVersion = 10.0.40219.1
Project("{FAE04EC0-301F-11D3-BF4B-00C04F79EFBC}") = "Plenum_API_Rest", "Plenum_API_Rest\Plenum_API_Rest.csproj", "{A5E756D9-E898-4E7F-8600-2B8B2D059728}"
EndProject
Global
	GlobalSection(SolutionConfigurationPlatforms) = preSolution
		Debug|Any CPU = Debug|Any CPU
		Release|Any CPU = Release|Any CPU
	EndGlobalSection
	GlobalSection(ProjectConfigurationPlatforms) = postSolution
		{A5E756D9-E898-4E7F-8600-2B8B2D059728}.Debug|Any CPU.ActiveCfg = Debug|Any CPU
		{A5E756D9-E898-4E7F-8600-2B8B2D059728}.Debug|Any CPU.Build.0 = Debug|Any CPU
		{A5E756D9-E898-4E7F-8600-2B8B2D059728}.Release|Any CPU.ActiveCfg = Release|Any CPU
		{A5E756D9-E898-4E7F-8600-2B8B2D059728}.Release|Any CPU.Build.0 = Release|Any CPU
	EndGlobalSection
	GlobalSection(SolutionProperties) = preSolution
		HideSolutionNode = FALSE
	EndGlobalSection
	GlobalSection(ExtensibilityGlobals) = postSolution
		SolutionGuid = {1A0AA2D5-75A2-4553-9ED9-B8CA08A6FBC5}
	EndGlobalSection
EndGlobal
